
Microsoft Visual Studio Solution File, Format Version 12.00
# Visual Studio Version 16
VisualStudioVersion = 16.0.32929.386
MinimumVisualStudioVersion = 10.0.40219.1
Project("{FAE04EC0-301F-11D3-BF4B-00C04F79EFBC}") = "ConsoleApp4", "ConsoleApp4.csproj", "{8DCBD5F2-F011-49EF-9A18-CCEC894080D3}"
EndProject
Global
	GlobalSection(SolutionConfigurationPlatforms) = preSolution
		Debug|Any CPU = Debug|Any CPU
		Release|Any CPU = Release|Any CPU
	EndGlobalSection
	GlobalSection(ProjectConfigurationPlatforms) = postSolution
		{8DCBD5F2-F011-49EF-9A18-CCEC894080D3}.Debug|Any CPU.ActiveCfg = Debug|Any CPU
		{8DCBD5F2-F011-49EF-9A18-CCEC894080D3}.Debug|Any CPU.Build.0 = Debug|Any CPU
		{8DCBD5F2-F011-49EF-9A18-CCEC894080D3}.Release|Any CPU.ActiveCfg = Release|Any CPU
		{8DCBD5F2-F011-49EF-9A18-CCEC894080D3}.Release|Any CPU.Build.0 = Release|Any CPU
	EndGlobalSection
	GlobalSection(SolutionProperties) = preSolution
		HideSolutionNode = FALSE
	EndGlobalSection
	GlobalSection(ExtensibilityGlobals) = postSolution
		SolutionGuid = {467320DA-CFCD-4E15-893F-A13967FCDCBB}
	EndGlobalSection
EndGlobal
